
Microsoft Visual Studio Solution File, Format Version 12.00
# Visual Studio Version 17
VisualStudioVersion = 17.11.35222.181
MinimumVisualStudioVersion = 10.0.40219.1
Project("{2150E333-8FDC-42A3-9474-1A3956D46DE8}") = "Services", "Services", "{291FC5DC-8A62-4C44-806A-9CB4A72BCFD9}"
EndProject
Project("{2150E333-8FDC-42A3-9474-1A3956D46DE8}") = "Catalog", "Catalog", "{297DD124-A646-4669-A9F4-82AB7F2D8EBA}"
EndProject
Project("{9A19103F-16F7-4668-BE54-9A1E7A4F7556}") = "MultiShop.Catalog", "Services\Catalog\MultiShop.Catalog\MultiShop.Catalog.csproj", "{9B3D8AC8-BF60-4676-8EED-B3B95D6623C1}"
EndProject
Project("{2150E333-8FDC-42A3-9474-1A3956D46DE8}") = "Discount", "Discount", "{BE2DB048-789A-4958-9306-18658C842377}"
EndProject
Project("{9A19103F-16F7-4668-BE54-9A1E7A4F7556}") = "MultiShop.Discount", "Services\Discount\MultiShop.Discount\MultiShop.Discount.csproj", "{E89C9BF3-74DC-4B9C-BDD8-AD907800BAAB}"
EndProject
Project("{2150E333-8FDC-42A3-9474-1A3956D46DE8}") = "Order", "Order", "{46933731-1C1D-46F3-9502-F682EF1439CF}"
EndProject
Project("{2150E333-8FDC-42A3-9474-1A3956D46DE8}") = "Core", "Core", "{88719978-9675-4BFE-B97E-8F5F632716B0}"
EndProject
Project("{2150E333-8FDC-42A3-9474-1A3956D46DE8}") = "Infrastructure", "Infrastructure", "{7C158F5A-D516-4930-A9D0-E68017BCA49B}"
EndProject
Project("{2150E333-8FDC-42A3-9474-1A3956D46DE8}") = "Presentation", "Presentation", "{4DB796A1-77C3-4E5D-BEF3-60AA5F43ABBE}"
EndProject
Project("{FAE04EC0-301F-11D3-BF4B-00C04F79EFBC}") = "MultiShop.Order.Domain", "Services\Order\Core\MultiShop.Order.Domain\MultiShop.Order.Domain.csproj", "{1F58228B-59E9-4911-9F67-B9972E4526F2}"
EndProject
Project("{FAE04EC0-301F-11D3-BF4B-00C04F79EFBC}") = "MultiShop.Order.Application", "Services\Order\Core\MultiShop.Order.Application\MultiShop.Order.Application.csproj", "{A12CD0B1-8726-4E23-8872-B5DC26DB7A15}"
EndProject
Project("{FAE04EC0-301F-11D3-BF4B-00C04F79EFBC}") = "MultiShop.Order.Persistence", "Services\Order\Infrastructure\MultiShop.Order.Persistence\MultiShop.Order.Persistence.csproj", "{4C36E24A-5692-4939-AA5B-54DF3DB66A24}"
EndProject
Project("{FAE04EC0-301F-11D3-BF4B-00C04F79EFBC}") = "MultiShop.Order.WebApi", "Services\Order\Presentation\MultiShop.Order.WebApi\MultiShop.Order.WebApi.csproj", "{B8D9F006-93D0-4BF3-B380-5D5987796448}"
EndProject
Global
	GlobalSection(SolutionConfigurationPlatforms) = preSolution
		Debug|Any CPU = Debug|Any CPU
		Release|Any CPU = Release|Any CPU
	EndGlobalSection
	GlobalSection(ProjectConfigurationPlatforms) = postSolution
		{9B3D8AC8-BF60-4676-8EED-B3B95D6623C1}.Debug|Any CPU.ActiveCfg = Debug|Any CPU
		{9B3D8AC8-BF60-4676-8EED-B3B95D6623C1}.Debug|Any CPU.Build.0 = Debug|Any CPU
		{9B3D8AC8-BF60-4676-8EED-B3B95D6623C1}.Release|Any CPU.ActiveCfg = Release|Any CPU
		{9B3D8AC8-BF60-4676-8EED-B3B95D6623C1}.Release|Any CPU.Build.0 = Release|Any CPU
		{E89C9BF3-74DC-4B9C-BDD8-AD907800BAAB}.Debug|Any CPU.ActiveCfg = Debug|Any CPU
		{E89C9BF3-74DC-4B9C-BDD8-AD907800BAAB}.Debug|Any CPU.Build.0 = Debug|Any CPU
		{E89C9BF3-74DC-4B9C-BDD8-AD907800BAAB}.Release|Any CPU.ActiveCfg = Release|Any CPU
		{E89C9BF3-74DC-4B9C-BDD8-AD907800BAAB}.Release|Any CPU.Build.0 = Release|Any CPU
		{1F58228B-59E9-4911-9F67-B9972E4526F2}.Debug|Any CPU.ActiveCfg = Debug|Any CPU
		{1F58228B-59E9-4911-9F67-B9972E4526F2}.Debug|Any CPU.Build.0 = Debug|Any CPU
		{1F58228B-59E9-4911-9F67-B9972E4526F2}.Release|Any CPU.ActiveCfg = Release|Any CPU
		{1F58228B-59E9-4911-9F67-B9972E4526F2}.Release|Any CPU.Build.0 = Release|Any CPU
		{A12CD0B1-8726-4E23-8872-B5DC26DB7A15}.Debug|Any CPU.ActiveCfg = Debug|Any CPU
		{A12CD0B1-8726-4E23-8872-B5DC26DB7A15}.Debug|Any CPU.Build.0 = Debug|Any CPU
		{A12CD0B1-8726-4E23-8872-B5DC26DB7A15}.Release|Any CPU.ActiveCfg = Release|Any CPU
		{A12CD0B1-8726-4E23-8872-B5DC26DB7A15}.Release|Any CPU.Build.0 = Release|Any CPU
		{4C36E24A-5692-4939-AA5B-54DF3DB66A24}.Debug|Any CPU.ActiveCfg = Debug|Any CPU
		{4C36E24A-5692-4939-AA5B-54DF3DB66A24}.Debug|Any CPU.Build.0 = Debug|Any CPU
		{4C36E24A-5692-4939-AA5B-54DF3DB66A24}.Release|Any CPU.ActiveCfg = Release|Any CPU
		{4C36E24A-5692-4939-AA5B-54DF3DB66A24}.Release|Any CPU.Build.0 = Release|Any CPU
		{B8D9F006-93D0-4BF3-B380-5D5987796448}.Debug|Any CPU.ActiveCfg = Debug|Any CPU
		{B8D9F006-93D0-4BF3-B380-5D5987796448}.Debug|Any CPU.Build.0 = Debug|Any CPU
		{B8D9F006-93D0-4BF3-B380-5D5987796448}.Release|Any CPU.ActiveCfg = Release|Any CPU
		{B8D9F006-93D0-4BF3-B380-5D5987796448}.Release|Any CPU.Build.0 = Release|Any CPU
	EndGlobalSection
	GlobalSection(SolutionProperties) = preSolution
		HideSolutionNode = FALSE
	EndGlobalSection
	GlobalSection(NestedProjects) = preSolution
		{297DD124-A646-4669-A9F4-82AB7F2D8EBA} = {291FC5DC-8A62-4C44-806A-9CB4A72BCFD9}
		{9B3D8AC8-BF60-4676-8EED-B3B95D6623C1} = {297DD124-A646-4669-A9F4-82AB7F2D8EBA}
		{BE2DB048-789A-4958-9306-18658C842377} = {291FC5DC-8A62-4C44-806A-9CB4A72BCFD9}
		{E89C9BF3-74DC-4B9C-BDD8-AD907800BAAB} = {BE2DB048-789A-4958-9306-18658C842377}
		{46933731-1C1D-46F3-9502-F682EF1439CF} = {291FC5DC-8A62-4C44-806A-9CB4A72BCFD9}
		{88719978-9675-4BFE-B97E-8F5F632716B0} = {46933731-1C1D-46F3-9502-F682EF1439CF}
		{7C158F5A-D516-4930-A9D0-E68017BCA49B} = {46933731-1C1D-46F3-9502-F682EF1439CF}
		{4DB796A1-77C3-4E5D-BEF3-60AA5F43ABBE} = {46933731-1C1D-46F3-9502-F682EF1439CF}
		{1F58228B-59E9-4911-9F67-B9972E4526F2} = {88719978-9675-4BFE-B97E-8F5F632716B0}
		{A12CD0B1-8726-4E23-8872-B5DC26DB7A15} = {88719978-9675-4BFE-B97E-8F5F632716B0}
		{4C36E24A-5692-4939-AA5B-54DF3DB66A24} = {7C158F5A-D516-4930-A9D0-E68017BCA49B}
		{B8D9F006-93D0-4BF3-B380-5D5987796448} = {4DB796A1-77C3-4E5D-BEF3-60AA5F43ABBE}
	EndGlobalSection
	GlobalSection(ExtensibilityGlobals) = postSolution
		SolutionGuid = {7A078622-C91A-4778-9B2E-30A3520CFAC4}
	EndGlobalSection
EndGlobal
