
Microsoft Visual Studio Solution File, Format Version 12.00
# Visual Studio Version 17
VisualStudioVersion = 17.11.35222.181
MinimumVisualStudioVersion = 10.0.40219.1
Project("{2150E333-8FDC-42A3-9474-1A3956D46DE8}") = "Services", "Services", "{291FC5DC-8A62-4C44-806A-9CB4A72BCFD9}"
EndProject
Project("{2150E333-8FDC-42A3-9474-1A3956D46DE8}") = "Catalog", "Catalog", "{297DD124-A646-4669-A9F4-82AB7F2D8EBA}"
EndProject
Project("{9A19103F-16F7-4668-BE54-9A1E7A4F7556}") = "MultiShop.Catalog", "Services\Catalog\MultiShop.Catalog\MultiShop.Catalog.csproj", "{9B3D8AC8-BF60-4676-8EED-B3B95D6623C1}"
EndProject
Project("{2150E333-8FDC-42A3-9474-1A3956D46DE8}") = "Discount", "Discount", "{BE2DB048-789A-4958-9306-18658C842377}"
EndProject
Project("{9A19103F-16F7-4668-BE54-9A1E7A4F7556}") = "MultiShop.Discount", "Services\Discount\MultiShop.Discount\MultiShop.Discount.csproj", "{E89C9BF3-74DC-4B9C-BDD8-AD907800BAAB}"
EndProject
Project("{2150E333-8FDC-42A3-9474-1A3956D46DE8}") = "Order", "Order", "{46933731-1C1D-46F3-9502-F682EF1439CF}"
EndProject
Project("{2150E333-8FDC-42A3-9474-1A3956D46DE8}") = "Core", "Core", "{88719978-9675-4BFE-B97E-8F5F632716B0}"
EndProject
Project("{2150E333-8FDC-42A3-9474-1A3956D46DE8}") = "Infrastructure", "Infrastructure", "{7C158F5A-D516-4930-A9D0-E68017BCA49B}"
EndProject
Project("{2150E333-8FDC-42A3-9474-1A3956D46DE8}") = "Presentation", "Presentation", "{4DB796A1-77C3-4E5D-BEF3-60AA5F43ABBE}"
EndProject
Project("{9A19103F-16F7-4668-BE54-9A1E7A4F7556}") = "MultiShop.Order.Domain", "Services\Order\Core\MultiShop.Order.Domain\MultiShop.Order.Domain.csproj", "{1F58228B-59E9-4911-9F67-B9972E4526F2}"
EndProject
Project("{9A19103F-16F7-4668-BE54-9A1E7A4F7556}") = "MultiShop.Order.Application", "Services\Order\Core\MultiShop.Order.Application\MultiShop.Order.Application.csproj", "{A12CD0B1-8726-4E23-8872-B5DC26DB7A15}"
EndProject
Project("{9A19103F-16F7-4668-BE54-9A1E7A4F7556}") = "MultiShop.Order.Persistence", "Services\Order\Infrastructure\MultiShop.Order.Persistence\MultiShop.Order.Persistence.csproj", "{4C36E24A-5692-4939-AA5B-54DF3DB66A24}"
EndProject
Project("{9A19103F-16F7-4668-BE54-9A1E7A4F7556}") = "MultiShop.Order.WebApi", "Services\Order\Presentation\MultiShop.Order.WebApi\MultiShop.Order.WebApi.csproj", "{B8D9F006-93D0-4BF3-B380-5D5987796448}"
EndProject
Project("{2150E333-8FDC-42A3-9474-1A3956D46DE8}") = "IdentityServer", "IdentityServer", "{637188AD-DB03-4AC7-A32F-E7FD19FE9633}"
EndProject
Project("{9A19103F-16F7-4668-BE54-9A1E7A4F7556}") = "MultiShop.IdentityServer", "IdentityServer\MultiShop.IdentityServer\MultiShop.IdentityServer.csproj", "{D1370012-5154-4A27-B80E-0914088A4E61}"
EndProject
Project("{2150E333-8FDC-42A3-9474-1A3956D46DE8}") = "Requirements", "Requirements", "{9EFC35C7-7842-4CBB-871D-578A0539EB38}"
	ProjectSection(SolutionItems) = preProject
		PortNumbers.txt = PortNumbers.txt
	EndProjectSection
EndProject
Project("{2150E333-8FDC-42A3-9474-1A3956D46DE8}") = "Cargo", "Cargo", "{858CF3E8-DAAF-4305-A814-02A4D6208117}"
EndProject
Project("{9A19103F-16F7-4668-BE54-9A1E7A4F7556}") = "MultiShop.Cargo.EntityLayer", "Services\Cargo\MultiShop.Cargo.EntityLayer\MultiShop.Cargo.EntityLayer.csproj", "{38B3FD72-4172-48FB-AAB3-40AC77F44BA8}"
EndProject
Project("{9A19103F-16F7-4668-BE54-9A1E7A4F7556}") = "MultiShop.Cargo.BusinessLayer", "Services\Cargo\MultiShop.Cargo.BusinessLayer\MultiShop.Cargo.BusinessLayer.csproj", "{EAD8E242-B753-48B3-A9FD-87DEBFC98A67}"
EndProject
Project("{9A19103F-16F7-4668-BE54-9A1E7A4F7556}") = "MultiShop.Cargo.DataAccessLayer", "Services\Cargo\MultiShop.Cargo.DataAccessLayer\MultiShop.Cargo.DataAccessLayer.csproj", "{778BC071-4DF2-4992-B7C1-4EDB2C82384B}"
EndProject
Project("{9A19103F-16F7-4668-BE54-9A1E7A4F7556}") = "MultiShop.Cargo.DtoLayer", "Services\Cargo\MultiShop.Cargo.DtoLayer\MultiShop.Cargo.DtoLayer.csproj", "{B5B0531D-2A05-4965-BBE5-B42A0378B998}"
EndProject
Project("{9A19103F-16F7-4668-BE54-9A1E7A4F7556}") = "MultiShop.Cargo.WebApi", "Services\Cargo\MultiShop.Cargo.WebApi\MultiShop.Cargo.WebApi.csproj", "{31A6B033-A438-4D53-AE10-666A3C43546D}"
EndProject
Project("{2150E333-8FDC-42A3-9474-1A3956D46DE8}") = "Basket", "Basket", "{6C849403-0AD8-4902-B892-AEFA7438D6E8}"
EndProject
Project("{9A19103F-16F7-4668-BE54-9A1E7A4F7556}") = "MultiShop.Basket", "Services\Basket\MultiShop.Basket\MultiShop.Basket.csproj", "{A72CDAF8-8C5D-498F-9F17-085167AC276D}"
EndProject
Project("{2150E333-8FDC-42A3-9474-1A3956D46DE8}") = "Frontends", "Frontends", "{B0D2C463-CB00-45F9-B169-6024E818D78F}"
EndProject
Project("{9A19103F-16F7-4668-BE54-9A1E7A4F7556}") = "MultiShop.WebUI", "Frontends\MultiShop.WebUI\MultiShop.WebUI.csproj", "{69B0F052-BD8B-4145-9731-3D56E852E931}"
EndProject
Project("{9A19103F-16F7-4668-BE54-9A1E7A4F7556}") = "MultiShop.DtoLayer", "Frontends\MultiShop.DtoLayer\MultiShop.DtoLayer.csproj", "{DC1974D7-F293-448E-B72E-41F556D2D247}"
EndProject
Project("{2150E333-8FDC-42A3-9474-1A3956D46DE8}") = "Comment", "Comment", "{7DA75C3C-7EA6-423B-9499-201BFA75AFE1}"
EndProject
Project("{9A19103F-16F7-4668-BE54-9A1E7A4F7556}") = "MultiShop.Comment", "Services\Comment\MultiShop.Comment\MultiShop.Comment.csproj", "{5B7F5A36-6DB7-483D-96C8-AB2FA3B516DE}"
EndProject
Project("{2150E333-8FDC-42A3-9474-1A3956D46DE8}") = "ApiGateWay", "ApiGateWay", "{DACD62D5-944C-4F2C-BDCF-45B214D19B03}"
EndProject
Project("{FAE04EC0-301F-11D3-BF4B-00C04F79EFBC}") = "MultiShop.OcelotGateway", "ApiGateway\MultiShop.OcelotGateway\MultiShop.OcelotGateway.csproj", "{00C72BCC-27DE-40E9-B81E-AC7F900FB514}"
EndProject
Global
	GlobalSection(SolutionConfigurationPlatforms) = preSolution
		Debug|Any CPU = Debug|Any CPU
		Release|Any CPU = Release|Any CPU
	EndGlobalSection
	GlobalSection(ProjectConfigurationPlatforms) = postSolution
		{9B3D8AC8-BF60-4676-8EED-B3B95D6623C1}.Debug|Any CPU.ActiveCfg = Debug|Any CPU
		{9B3D8AC8-BF60-4676-8EED-B3B95D6623C1}.Debug|Any CPU.Build.0 = Debug|Any CPU
		{9B3D8AC8-BF60-4676-8EED-B3B95D6623C1}.Release|Any CPU.ActiveCfg = Release|Any CPU
		{9B3D8AC8-BF60-4676-8EED-B3B95D6623C1}.Release|Any CPU.Build.0 = Release|Any CPU
		{E89C9BF3-74DC-4B9C-BDD8-AD907800BAAB}.Debug|Any CPU.ActiveCfg = Debug|Any CPU
		{E89C9BF3-74DC-4B9C-BDD8-AD907800BAAB}.Debug|Any CPU.Build.0 = Debug|Any CPU
		{E89C9BF3-74DC-4B9C-BDD8-AD907800BAAB}.Release|Any CPU.ActiveCfg = Release|Any CPU
		{E89C9BF3-74DC-4B9C-BDD8-AD907800BAAB}.Release|Any CPU.Build.0 = Release|Any CPU
		{1F58228B-59E9-4911-9F67-B9972E4526F2}.Debug|Any CPU.ActiveCfg = Debug|Any CPU
		{1F58228B-59E9-4911-9F67-B9972E4526F2}.Debug|Any CPU.Build.0 = Debug|Any CPU
		{1F58228B-59E9-4911-9F67-B9972E4526F2}.Release|Any CPU.ActiveCfg = Release|Any CPU
		{1F58228B-59E9-4911-9F67-B9972E4526F2}.Release|Any CPU.Build.0 = Release|Any CPU
		{A12CD0B1-8726-4E23-8872-B5DC26DB7A15}.Debug|Any CPU.ActiveCfg = Debug|Any CPU
		{A12CD0B1-8726-4E23-8872-B5DC26DB7A15}.Debug|Any CPU.Build.0 = Debug|Any CPU
		{A12CD0B1-8726-4E23-8872-B5DC26DB7A15}.Release|Any CPU.ActiveCfg = Release|Any CPU
		{A12CD0B1-8726-4E23-8872-B5DC26DB7A15}.Release|Any CPU.Build.0 = Release|Any CPU
		{4C36E24A-5692-4939-AA5B-54DF3DB66A24}.Debug|Any CPU.ActiveCfg = Debug|Any CPU
		{4C36E24A-5692-4939-AA5B-54DF3DB66A24}.Debug|Any CPU.Build.0 = Debug|Any CPU
		{4C36E24A-5692-4939-AA5B-54DF3DB66A24}.Release|Any CPU.ActiveCfg = Release|Any CPU
		{4C36E24A-5692-4939-AA5B-54DF3DB66A24}.Release|Any CPU.Build.0 = Release|Any CPU
		{B8D9F006-93D0-4BF3-B380-5D5987796448}.Debug|Any CPU.ActiveCfg = Debug|Any CPU
		{B8D9F006-93D0-4BF3-B380-5D5987796448}.Debug|Any CPU.Build.0 = Debug|Any CPU
		{B8D9F006-93D0-4BF3-B380-5D5987796448}.Release|Any CPU.ActiveCfg = Release|Any CPU
		{B8D9F006-93D0-4BF3-B380-5D5987796448}.Release|Any CPU.Build.0 = Release|Any CPU
		{D1370012-5154-4A27-B80E-0914088A4E61}.Debug|Any CPU.ActiveCfg = Debug|Any CPU
		{D1370012-5154-4A27-B80E-0914088A4E61}.Debug|Any CPU.Build.0 = Debug|Any CPU
		{D1370012-5154-4A27-B80E-0914088A4E61}.Release|Any CPU.ActiveCfg = Release|Any CPU
		{D1370012-5154-4A27-B80E-0914088A4E61}.Release|Any CPU.Build.0 = Release|Any CPU
		{38B3FD72-4172-48FB-AAB3-40AC77F44BA8}.Debug|Any CPU.ActiveCfg = Debug|Any CPU
		{38B3FD72-4172-48FB-AAB3-40AC77F44BA8}.Debug|Any CPU.Build.0 = Debug|Any CPU
		{38B3FD72-4172-48FB-AAB3-40AC77F44BA8}.Release|Any CPU.ActiveCfg = Release|Any CPU
		{38B3FD72-4172-48FB-AAB3-40AC77F44BA8}.Release|Any CPU.Build.0 = Release|Any CPU
		{EAD8E242-B753-48B3-A9FD-87DEBFC98A67}.Debug|Any CPU.ActiveCfg = Debug|Any CPU
		{EAD8E242-B753-48B3-A9FD-87DEBFC98A67}.Debug|Any CPU.Build.0 = Debug|Any CPU
		{EAD8E242-B753-48B3-A9FD-87DEBFC98A67}.Release|Any CPU.ActiveCfg = Release|Any CPU
		{EAD8E242-B753-48B3-A9FD-87DEBFC98A67}.Release|Any CPU.Build.0 = Release|Any CPU
		{778BC071-4DF2-4992-B7C1-4EDB2C82384B}.Debug|Any CPU.ActiveCfg = Debug|Any CPU
		{778BC071-4DF2-4992-B7C1-4EDB2C82384B}.Debug|Any CPU.Build.0 = Debug|Any CPU
		{778BC071-4DF2-4992-B7C1-4EDB2C82384B}.Release|Any CPU.ActiveCfg = Release|Any CPU
		{778BC071-4DF2-4992-B7C1-4EDB2C82384B}.Release|Any CPU.Build.0 = Release|Any CPU
		{B5B0531D-2A05-4965-BBE5-B42A0378B998}.Debug|Any CPU.ActiveCfg = Debug|Any CPU
		{B5B0531D-2A05-4965-BBE5-B42A0378B998}.Debug|Any CPU.Build.0 = Debug|Any CPU
		{B5B0531D-2A05-4965-BBE5-B42A0378B998}.Release|Any CPU.ActiveCfg = Release|Any CPU
		{B5B0531D-2A05-4965-BBE5-B42A0378B998}.Release|Any CPU.Build.0 = Release|Any CPU
		{31A6B033-A438-4D53-AE10-666A3C43546D}.Debug|Any CPU.ActiveCfg = Debug|Any CPU
		{31A6B033-A438-4D53-AE10-666A3C43546D}.Debug|Any CPU.Build.0 = Debug|Any CPU
		{31A6B033-A438-4D53-AE10-666A3C43546D}.Release|Any CPU.ActiveCfg = Release|Any CPU
		{31A6B033-A438-4D53-AE10-666A3C43546D}.Release|Any CPU.Build.0 = Release|Any CPU
		{A72CDAF8-8C5D-498F-9F17-085167AC276D}.Debug|Any CPU.ActiveCfg = Debug|Any CPU
		{A72CDAF8-8C5D-498F-9F17-085167AC276D}.Debug|Any CPU.Build.0 = Debug|Any CPU
		{A72CDAF8-8C5D-498F-9F17-085167AC276D}.Release|Any CPU.ActiveCfg = Release|Any CPU
		{A72CDAF8-8C5D-498F-9F17-085167AC276D}.Release|Any CPU.Build.0 = Release|Any CPU
		{69B0F052-BD8B-4145-9731-3D56E852E931}.Debug|Any CPU.ActiveCfg = Debug|Any CPU
		{69B0F052-BD8B-4145-9731-3D56E852E931}.Debug|Any CPU.Build.0 = Debug|Any CPU
		{69B0F052-BD8B-4145-9731-3D56E852E931}.Release|Any CPU.ActiveCfg = Release|Any CPU
		{69B0F052-BD8B-4145-9731-3D56E852E931}.Release|Any CPU.Build.0 = Release|Any CPU
		{DC1974D7-F293-448E-B72E-41F556D2D247}.Debug|Any CPU.ActiveCfg = Debug|Any CPU
		{DC1974D7-F293-448E-B72E-41F556D2D247}.Debug|Any CPU.Build.0 = Debug|Any CPU
		{DC1974D7-F293-448E-B72E-41F556D2D247}.Release|Any CPU.ActiveCfg = Release|Any CPU
		{DC1974D7-F293-448E-B72E-41F556D2D247}.Release|Any CPU.Build.0 = Release|Any CPU
		{5B7F5A36-6DB7-483D-96C8-AB2FA3B516DE}.Debug|Any CPU.ActiveCfg = Debug|Any CPU
		{5B7F5A36-6DB7-483D-96C8-AB2FA3B516DE}.Debug|Any CPU.Build.0 = Debug|Any CPU
		{5B7F5A36-6DB7-483D-96C8-AB2FA3B516DE}.Release|Any CPU.ActiveCfg = Release|Any CPU
		{5B7F5A36-6DB7-483D-96C8-AB2FA3B516DE}.Release|Any CPU.Build.0 = Release|Any CPU
		{00C72BCC-27DE-40E9-B81E-AC7F900FB514}.Debug|Any CPU.ActiveCfg = Debug|Any CPU
		{00C72BCC-27DE-40E9-B81E-AC7F900FB514}.Debug|Any CPU.Build.0 = Debug|Any CPU
		{00C72BCC-27DE-40E9-B81E-AC7F900FB514}.Release|Any CPU.ActiveCfg = Release|Any CPU
		{00C72BCC-27DE-40E9-B81E-AC7F900FB514}.Release|Any CPU.Build.0 = Release|Any CPU
	EndGlobalSection
	GlobalSection(SolutionProperties) = preSolution
		HideSolutionNode = FALSE
	EndGlobalSection
	GlobalSection(NestedProjects) = preSolution
		{297DD124-A646-4669-A9F4-82AB7F2D8EBA} = {291FC5DC-8A62-4C44-806A-9CB4A72BCFD9}
		{9B3D8AC8-BF60-4676-8EED-B3B95D6623C1} = {297DD124-A646-4669-A9F4-82AB7F2D8EBA}
		{BE2DB048-789A-4958-9306-18658C842377} = {291FC5DC-8A62-4C44-806A-9CB4A72BCFD9}
		{E89C9BF3-74DC-4B9C-BDD8-AD907800BAAB} = {BE2DB048-789A-4958-9306-18658C842377}
		{46933731-1C1D-46F3-9502-F682EF1439CF} = {291FC5DC-8A62-4C44-806A-9CB4A72BCFD9}
		{88719978-9675-4BFE-B97E-8F5F632716B0} = {46933731-1C1D-46F3-9502-F682EF1439CF}
		{7C158F5A-D516-4930-A9D0-E68017BCA49B} = {46933731-1C1D-46F3-9502-F682EF1439CF}
		{4DB796A1-77C3-4E5D-BEF3-60AA5F43ABBE} = {46933731-1C1D-46F3-9502-F682EF1439CF}
		{1F58228B-59E9-4911-9F67-B9972E4526F2} = {88719978-9675-4BFE-B97E-8F5F632716B0}
		{A12CD0B1-8726-4E23-8872-B5DC26DB7A15} = {88719978-9675-4BFE-B97E-8F5F632716B0}
		{4C36E24A-5692-4939-AA5B-54DF3DB66A24} = {7C158F5A-D516-4930-A9D0-E68017BCA49B}
		{B8D9F006-93D0-4BF3-B380-5D5987796448} = {4DB796A1-77C3-4E5D-BEF3-60AA5F43ABBE}
		{D1370012-5154-4A27-B80E-0914088A4E61} = {637188AD-DB03-4AC7-A32F-E7FD19FE9633}
		{858CF3E8-DAAF-4305-A814-02A4D6208117} = {291FC5DC-8A62-4C44-806A-9CB4A72BCFD9}
		{38B3FD72-4172-48FB-AAB3-40AC77F44BA8} = {858CF3E8-DAAF-4305-A814-02A4D6208117}
		{EAD8E242-B753-48B3-A9FD-87DEBFC98A67} = {858CF3E8-DAAF-4305-A814-02A4D6208117}
		{778BC071-4DF2-4992-B7C1-4EDB2C82384B} = {858CF3E8-DAAF-4305-A814-02A4D6208117}
		{B5B0531D-2A05-4965-BBE5-B42A0378B998} = {858CF3E8-DAAF-4305-A814-02A4D6208117}
		{31A6B033-A438-4D53-AE10-666A3C43546D} = {858CF3E8-DAAF-4305-A814-02A4D6208117}
		{6C849403-0AD8-4902-B892-AEFA7438D6E8} = {291FC5DC-8A62-4C44-806A-9CB4A72BCFD9}
		{A72CDAF8-8C5D-498F-9F17-085167AC276D} = {6C849403-0AD8-4902-B892-AEFA7438D6E8}
		{69B0F052-BD8B-4145-9731-3D56E852E931} = {B0D2C463-CB00-45F9-B169-6024E818D78F}
		{DC1974D7-F293-448E-B72E-41F556D2D247} = {B0D2C463-CB00-45F9-B169-6024E818D78F}
		{7DA75C3C-7EA6-423B-9499-201BFA75AFE1} = {291FC5DC-8A62-4C44-806A-9CB4A72BCFD9}
		{5B7F5A36-6DB7-483D-96C8-AB2FA3B516DE} = {7DA75C3C-7EA6-423B-9499-201BFA75AFE1}
		{00C72BCC-27DE-40E9-B81E-AC7F900FB514} = {DACD62D5-944C-4F2C-BDCF-45B214D19B03}
	EndGlobalSection
	GlobalSection(ExtensibilityGlobals) = postSolution
		SolutionGuid = {7A078622-C91A-4778-9B2E-30A3520CFAC4}
	EndGlobalSection
EndGlobal
